// !$*UTF8*$!
{
	archiveVersion = 1;
	classes = {
	};
	objectVersion = 46;
	objects = {

/* Begin PBXBuildFile section */
		1E0E59F8198C05B1000ADFB3 /* Foundation.framework in Frameworks */ = {isa = PBXBuildFile; fileRef = 1E144C261988077200B4A69B /* Foundation.framework */; };
		1E0E59FA198C05B1000ADFB3 /* CoreGraphics.framework in Frameworks */ = {isa = PBXBuildFile; fileRef = 1E0E59F9198C05B1000ADFB3 /* CoreGraphics.framework */; };
		1E0E59FB198C05B1000ADFB3 /* UIKit.framework in Frameworks */ = {isa = PBXBuildFile; fileRef = 1E144C241988076C00B4A69B /* UIKit.framework */; };
		1E0E5A01198C05B1000ADFB3 /* InfoPlist.strings in Resources */ = {isa = PBXBuildFile; fileRef = 1E0E59FF198C05B1000ADFB3 /* InfoPlist.strings */; };
		1E0E5A03198C05B1000ADFB3 /* main.m in Sources */ = {isa = PBXBuildFile; fileRef = 1E0E5A02198C05B1000ADFB3 /* main.m */; };
		1E0E5A07198C05B1000ADFB3 /* AppDelegate.m in Sources */ = {isa = PBXBuildFile; fileRef = 1E0E5A06198C05B1000ADFB3 /* AppDelegate.m */; };
		1E0E5A0A198C05B1000ADFB3 /* Main.storyboard in Resources */ = {isa = PBXBuildFile; fileRef = 1E0E5A08198C05B1000ADFB3 /* Main.storyboard */; };
		1E0E5A0D198C05B1000ADFB3 /* ViewController.m in Sources */ = {isa = PBXBuildFile; fileRef = 1E0E5A0C198C05B1000ADFB3 /* ViewController.m */; };
		1E0E5A0F198C05B1000ADFB3 /* Images.xcassets in Resources */ = {isa = PBXBuildFile; fileRef = 1E0E5A0E198C05B1000ADFB3 /* Images.xcassets */; };
		1E0E5A2C198C065C000ADFB3 /* NSObject+MCUIKit.h in Headers */ = {isa = PBXBuildFile; fileRef = 1E0E5A2A198C065C000ADFB3 /* NSObject+MCUIKit.h */; };
		1E0E5A2D198C065C000ADFB3 /* NSObject+MCUIKit.m in Sources */ = {isa = PBXBuildFile; fileRef = 1E0E5A2B198C065C000ADFB3 /* NSObject+MCUIKit.m */; };
		1E144C251988076C00B4A69B /* UIKit.framework in Frameworks */ = {isa = PBXBuildFile; fileRef = 1E144C241988076C00B4A69B /* UIKit.framework */; };
		1E144C271988077200B4A69B /* Foundation.framework in Frameworks */ = {isa = PBXBuildFile; fileRef = 1E144C261988077200B4A69B /* Foundation.framework */; };
		1E144C2C198807AD00B4A69B /* UIImage+MCUI.h in Headers */ = {isa = PBXBuildFile; fileRef = 1E144C2A198807AD00B4A69B /* UIImage+MCUI.h */; };
		1E144C2D198807AD00B4A69B /* UIImage+MCUI.m in Sources */ = {isa = PBXBuildFile; fileRef = 1E144C2B198807AD00B4A69B /* UIImage+MCUI.m */; };
		1E3BD591198DC5E8006A5D97 /* NSBundle+MCUI.h in Headers */ = {isa = PBXBuildFile; fileRef = 1E3BD58F198DC5E8006A5D97 /* NSBundle+MCUI.h */; };
		1E3BD592198DC5E8006A5D97 /* NSBundle+MCUI.m in Sources */ = {isa = PBXBuildFile; fileRef = 1E3BD590198DC5E8006A5D97 /* NSBundle+MCUI.m */; };
		1E3BD594198DC88E006A5D97 /* GraphicsServices.framework in Frameworks */ = {isa = PBXBuildFile; fileRef = 1E3BD593198DC88E006A5D97 /* GraphicsServices.framework */; };
		1E3BD595198DC896006A5D97 /* NSBundle+MCUI.m in Sources */ = {isa = PBXBuildFile; fileRef = 1E3BD590198DC5E8006A5D97 /* NSBundle+MCUI.m */; };
		1E3BD597198E9BE4006A5D97 /* ItemList.m in Sources */ = {isa = PBXBuildFile; fileRef = 1E3BD596198E9BE4006A5D97 /* ItemList.m */; };
		1E6389B7199062F0005039CB /* ItemList.m in Sources */ = {isa = PBXBuildFile; fileRef = 1E3BD596198E9BE4006A5D97 /* ItemList.m */; };
		1E923B05199030E5006F4D4C /* GraphicsServices.framework in Frameworks */ = {isa = PBXBuildFile; fileRef = 1E3BD593198DC88E006A5D97 /* GraphicsServices.framework */; };
		1EE6D60B1992920B00E1C137 /* MCUIItemView.h in Headers */ = {isa = PBXBuildFile; fileRef = 1EE6D6091992920B00E1C137 /* MCUIItemView.h */; };
		1EE6D60C1992920B00E1C137 /* MCUIItemView.m in Sources */ = {isa = PBXBuildFile; fileRef = 1EE6D60A1992920B00E1C137 /* MCUIItemView.m */; };
		1EE6D60D19929DCF00E1C137 /* MCUIItemView.m in Sources */ = {isa = PBXBuildFile; fileRef = 1EE6D60A1992920B00E1C137 /* MCUIItemView.m */; };
		1EE6D6101992A68700E1C137 /* MCUIBlockView.h in Headers */ = {isa = PBXBuildFile; fileRef = 1EE6D60E1992A68700E1C137 /* MCUIBlockView.h */; };
		1EE6D6111992A68700E1C137 /* MCUIBlockView.m in Sources */ = {isa = PBXBuildFile; fileRef = 1EE6D60F1992A68700E1C137 /* MCUIBlockView.m */; };
		1EE6D6121992A68700E1C137 /* MCUIBlockView.m in Sources */ = {isa = PBXBuildFile; fileRef = 1EE6D60F1992A68700E1C137 /* MCUIBlockView.m */; };
		1EF8963E198C715E0070E16E /* UIImage+MCUI.m in Sources */ = {isa = PBXBuildFile; fileRef = 1E144C2B198807AD00B4A69B /* UIImage+MCUI.m */; };
		1EF8963F198C715E0070E16E /* MCUIButton.m in Sources */ = {isa = PBXBuildFile; fileRef = 1EFC5D3619880BEC00750CB5 /* MCUIButton.m */; };
		1EF89640198C715E0070E16E /* MCUILabel.m in Sources */ = {isa = PBXBuildFile; fileRef = 1EFC5D3A19880BEC00750CB5 /* MCUILabel.m */; };
		1EF89641198C715E0070E16E /* MCUIPanorama.m in Sources */ = {isa = PBXBuildFile; fileRef = 1EFC5D3C19880BEC00750CB5 /* MCUIPanorama.m */; };
		1EF89642198C715E0070E16E /* MCUISegment.m in Sources */ = {isa = PBXBuildFile; fileRef = 1EFC5D3E19880BEC00750CB5 /* MCUISegment.m */; };
		1EF89643198C715E0070E16E /* MCUISegmentedControl.m in Sources */ = {isa = PBXBuildFile; fileRef = 1EFC5D4019880BEC00750CB5 /* MCUISegmentedControl.m */; };
		1EF89644198C715E0070E16E /* MCUISwitch.m in Sources */ = {isa = PBXBuildFile; fileRef = 1EFC5D4619880BEC00750CB5 /* MCUISwitch.m */; };
		1EF89645198C715E0070E16E /* MCUITextField.m in Sources */ = {isa = PBXBuildFile; fileRef = 1EFC5D4819880BEC00750CB5 /* MCUITextField.m */; };
		1EF89646198C715E0070E16E /* MCUIKeyboardViewController.m in Sources */ = {isa = PBXBuildFile; fileRef = 1EFC5D3819880BEC00750CB5 /* MCUIKeyboardViewController.m */; };
		1EF89647198C715E0070E16E /* MCUISlider.m in Sources */ = {isa = PBXBuildFile; fileRef = 1EFC5D4219880BEC00750CB5 /* MCUISlider.m */; };
		1EF89648198C715E0070E16E /* MCUISliderThumbView.m in Sources */ = {isa = PBXBuildFile; fileRef = 1EFC5D4419880BEC00750CB5 /* MCUISliderThumbView.m */; };
		1EF89649198C715E0070E16E /* NSObject+MCUIKit.m in Sources */ = {isa = PBXBuildFile; fileRef = 1E0E5A2B198C065C000ADFB3 /* NSObject+MCUIKit.m */; };
		1EFC5D4919880BEC00750CB5 /* MCUIButton.h in Headers */ = {isa = PBXBuildFile; fileRef = 1EFC5D3519880BEC00750CB5 /* MCUIButton.h */; };
		1EFC5D4A19880BEC00750CB5 /* MCUIButton.m in Sources */ = {isa = PBXBuildFile; fileRef = 1EFC5D3619880BEC00750CB5 /* MCUIButton.m */; };
		1EFC5D4B19880BEC00750CB5 /* MCUIKeyboardViewController.h in Headers */ = {isa = PBXBuildFile; fileRef = 1EFC5D3719880BEC00750CB5 /* MCUIKeyboardViewController.h */; };
		1EFC5D4C19880BEC00750CB5 /* MCUIKeyboardViewController.m in Sources */ = {isa = PBXBuildFile; fileRef = 1EFC5D3819880BEC00750CB5 /* MCUIKeyboardViewController.m */; };
		1EFC5D4D19880BEC00750CB5 /* MCUILabel.h in Headers */ = {isa = PBXBuildFile; fileRef = 1EFC5D3919880BEC00750CB5 /* MCUILabel.h */; };
		1EFC5D4E19880BEC00750CB5 /* MCUILabel.m in Sources */ = {isa = PBXBuildFile; fileRef = 1EFC5D3A19880BEC00750CB5 /* MCUILabel.m */; };
		1EFC5D4F19880BEC00750CB5 /* MCUIPanorama.h in Headers */ = {isa = PBXBuildFile; fileRef = 1EFC5D3B19880BEC00750CB5 /* MCUIPanorama.h */; };
		1EFC5D5019880BEC00750CB5 /* MCUIPanorama.m in Sources */ = {isa = PBXBuildFile; fileRef = 1EFC5D3C19880BEC00750CB5 /* MCUIPanorama.m */; };
		1EFC5D5119880BEC00750CB5 /* MCUISegment.h in Headers */ = {isa = PBXBuildFile; fileRef = 1EFC5D3D19880BEC00750CB5 /* MCUISegment.h */; };
		1EFC5D5219880BEC00750CB5 /* MCUISegment.m in Sources */ = {isa = PBXBuildFile; fileRef = 1EFC5D3E19880BEC00750CB5 /* MCUISegment.m */; };
		1EFC5D5319880BEC00750CB5 /* MCUISegmentedControl.h in Headers */ = {isa = PBXBuildFile; fileRef = 1EFC5D3F19880BEC00750CB5 /* MCUISegmentedControl.h */; };
		1EFC5D5419880BEC00750CB5 /* MCUISegmentedControl.m in Sources */ = {isa = PBXBuildFile; fileRef = 1EFC5D4019880BEC00750CB5 /* MCUISegmentedControl.m */; };
		1EFC5D5519880BEC00750CB5 /* MCUISlider.h in Headers */ = {isa = PBXBuildFile; fileRef = 1EFC5D4119880BEC00750CB5 /* MCUISlider.h */; };
		1EFC5D5619880BEC00750CB5 /* MCUISlider.m in Sources */ = {isa = PBXBuildFile; fileRef = 1EFC5D4219880BEC00750CB5 /* MCUISlider.m */; };
		1EFC5D5719880BEC00750CB5 /* MCUISliderThumbView.h in Headers */ = {isa = PBXBuildFile; fileRef = 1EFC5D4319880BEC00750CB5 /* MCUISliderThumbView.h */; };
		1EFC5D5819880BEC00750CB5 /* MCUISliderThumbView.m in Sources */ = {isa = PBXBuildFile; fileRef = 1EFC5D4419880BEC00750CB5 /* MCUISliderThumbView.m */; };
		1EFC5D5919880BEC00750CB5 /* MCUISwitch.h in Headers */ = {isa = PBXBuildFile; fileRef = 1EFC5D4519880BEC00750CB5 /* MCUISwitch.h */; };
		1EFC5D5A19880BEC00750CB5 /* MCUISwitch.m in Sources */ = {isa = PBXBuildFile; fileRef = 1EFC5D4619880BEC00750CB5 /* MCUISwitch.m */; };
		1EFC5D5B19880BEC00750CB5 /* MCUITextField.h in Headers */ = {isa = PBXBuildFile; fileRef = 1EFC5D4719880BEC00750CB5 /* MCUITextField.h */; };
		1EFC5D5C19880BEC00750CB5 /* MCUITextField.m in Sources */ = {isa = PBXBuildFile; fileRef = 1EFC5D4819880BEC00750CB5 /* MCUITextField.m */; };
/* End PBXBuildFile section */

/* Begin PBXFileReference section */
		1E0E59F7198C05B1000ADFB3 /* MCUIKitTest.app */ = {isa = PBXFileReference; explicitFileType = wrapper.application; includeInIndex = 0; path = MCUIKitTest.app; sourceTree = BUILT_PRODUCTS_DIR; };
		1E0E59F9198C05B1000ADFB3 /* CoreGraphics.framework */ = {isa = PBXFileReference; lastKnownFileType = wrapper.framework; name = CoreGraphics.framework; path = System/Library/Frameworks/CoreGraphics.framework; sourceTree = SDKROOT; };
		1E0E59FE198C05B1000ADFB3 /* MCUIKitTest-Info.plist */ = {isa = PBXFileReference; lastKnownFileType = text.plist.xml; path = "MCUIKitTest-Info.plist"; sourceTree = "<group>"; };
		1E0E5A00198C05B1000ADFB3 /* en */ = {isa = PBXFileReference; lastKnownFileType = text.plist.strings; name = en; path = en.lproj/InfoPlist.strings; sourceTree = "<group>"; };
		1E0E5A02198C05B1000ADFB3 /* main.m */ = {isa = PBXFileReference; lastKnownFileType = sourcecode.c.objc; path = main.m; sourceTree = "<group>"; };
		1E0E5A04198C05B1000ADFB3 /* MCUIKitTest-Prefix.pch */ = {isa = PBXFileReference; lastKnownFileType = sourcecode.c.h; path = "MCUIKitTest-Prefix.pch"; sourceTree = "<group>"; };
		1E0E5A05198C05B1000ADFB3 /* AppDelegate.h */ = {isa = PBXFileReference; lastKnownFileType = sourcecode.c.h; path = AppDelegate.h; sourceTree = "<group>"; };
		1E0E5A06198C05B1000ADFB3 /* AppDelegate.m */ = {isa = PBXFileReference; lastKnownFileType = sourcecode.c.objc; path = AppDelegate.m; sourceTree = "<group>"; };
		1E0E5A09198C05B1000ADFB3 /* Base */ = {isa = PBXFileReference; lastKnownFileType = file.storyboard; name = Base; path = Base.lproj/Main.storyboard; sourceTree = "<group>"; };
		1E0E5A0B198C05B1000ADFB3 /* ViewController.h */ = {isa = PBXFileReference; lastKnownFileType = sourcecode.c.h; path = ViewController.h; sourceTree = "<group>"; };
		1E0E5A0C198C05B1000ADFB3 /* ViewController.m */ = {isa = PBXFileReference; lastKnownFileType = sourcecode.c.objc; path = ViewController.m; sourceTree = "<group>"; };
		1E0E5A0E198C05B1000ADFB3 /* Images.xcassets */ = {isa = PBXFileReference; lastKnownFileType = folder.assetcatalog; path = Images.xcassets; sourceTree = "<group>"; };
		1E0E5A15198C05B1000ADFB3 /* XCTest.framework */ = {isa = PBXFileReference; lastKnownFileType = wrapper.framework; name = XCTest.framework; path = Library/Frameworks/XCTest.framework; sourceTree = DEVELOPER_DIR; };
		1E0E5A2A198C065C000ADFB3 /* NSObject+MCUIKit.h */ = {isa = PBXFileReference; fileEncoding = 4; lastKnownFileType = sourcecode.c.h; path = "NSObject+MCUIKit.h"; sourceTree = "<group>"; };
		1E0E5A2B198C065C000ADFB3 /* NSObject+MCUIKit.m */ = {isa = PBXFileReference; fileEncoding = 4; lastKnownFileType = sourcecode.c.objc; path = "NSObject+MCUIKit.m"; sourceTree = "<group>"; };
		1E144C1C1988075700B4A69B /* MCUIKit.dylib */ = {isa = PBXFileReference; explicitFileType = "compiled.mach-o.dylib"; includeInIndex = 0; path = MCUIKit.dylib; sourceTree = BUILT_PRODUCTS_DIR; };
		1E144C241988076C00B4A69B /* UIKit.framework */ = {isa = PBXFileReference; lastKnownFileType = wrapper.framework; name = UIKit.framework; path = System/Library/Frameworks/UIKit.framework; sourceTree = SDKROOT; };
		1E144C261988077200B4A69B /* Foundation.framework */ = {isa = PBXFileReference; lastKnownFileType = wrapper.framework; name = Foundation.framework; path = System/Library/Frameworks/Foundation.framework; sourceTree = SDKROOT; };
		1E144C291988078A00B4A69B /* MCUIKit.h */ = {isa = PBXFileReference; lastKnownFileType = sourcecode.c.h; path = MCUIKit.h; sourceTree = "<group>"; };
		1E144C2A198807AD00B4A69B /* UIImage+MCUI.h */ = {isa = PBXFileReference; fileEncoding = 4; lastKnownFileType = sourcecode.c.h; path = "UIImage+MCUI.h"; sourceTree = "<group>"; };
		1E144C2B198807AD00B4A69B /* UIImage+MCUI.m */ = {isa = PBXFileReference; fileEncoding = 4; lastKnownFileType = sourcecode.c.objc; path = "UIImage+MCUI.m"; sourceTree = "<group>"; };
		1E23A30D198AA09400F78F2B /* Makefile */ = {isa = PBXFileReference; fileEncoding = 4; lastKnownFileType = sourcecode.make; path = Makefile; sourceTree = "<group>"; };
		1E3BD58F198DC5E8006A5D97 /* NSBundle+MCUI.h */ = {isa = PBXFileReference; fileEncoding = 4; lastKnownFileType = sourcecode.c.h; path = "NSBundle+MCUI.h"; sourceTree = "<group>"; };
		1E3BD590198DC5E8006A5D97 /* NSBundle+MCUI.m */ = {isa = PBXFileReference; fileEncoding = 4; lastKnownFileType = sourcecode.c.objc; path = "NSBundle+MCUI.m"; sourceTree = "<group>"; };
		1E3BD593198DC88E006A5D97 /* GraphicsServices.framework */ = {isa = PBXFileReference; lastKnownFileType = wrapper.framework; name = GraphicsServices.framework; path = System/Library/PrivateFrameworks/GraphicsServices.framework; sourceTree = SDKROOT; };
		1E3BD596198E9BE4006A5D97 /* ItemList.m */ = {isa = PBXFileReference; fileEncoding = 4; lastKnownFileType = sourcecode.c.objc; path = ItemList.m; sourceTree = "<group>"; };
		1E923B0419902F73006F4D4C /* ItemList.h */ = {isa = PBXFileReference; lastKnownFileType = sourcecode.c.h; path = ItemList.h; sourceTree = "<group>"; };
		1EE6D6091992920B00E1C137 /* MCUIItemView.h */ = {isa = PBXFileReference; fileEncoding = 4; lastKnownFileType = sourcecode.c.h; path = MCUIItemView.h; sourceTree = "<group>"; };
		1EE6D60A1992920B00E1C137 /* MCUIItemView.m */ = {isa = PBXFileReference; fileEncoding = 4; lastKnownFileType = sourcecode.c.objc; path = MCUIItemView.m; sourceTree = "<group>"; };
		1EE6D60E1992A68700E1C137 /* MCUIBlockView.h */ = {isa = PBXFileReference; fileEncoding = 4; lastKnownFileType = sourcecode.c.h; path = MCUIBlockView.h; sourceTree = "<group>"; };
		1EE6D60F1992A68700E1C137 /* MCUIBlockView.m */ = {isa = PBXFileReference; fileEncoding = 4; lastKnownFileType = sourcecode.c.objc; path = MCUIBlockView.m; sourceTree = "<group>"; };
		1EFC5D3519880BEC00750CB5 /* MCUIButton.h */ = {isa = PBXFileReference; fileEncoding = 4; lastKnownFileType = sourcecode.c.h; path = MCUIButton.h; sourceTree = "<group>"; };
		1EFC5D3619880BEC00750CB5 /* MCUIButton.m */ = {isa = PBXFileReference; fileEncoding = 4; lastKnownFileType = sourcecode.c.objc; path = MCUIButton.m; sourceTree = "<group>"; };
		1EFC5D3719880BEC00750CB5 /* MCUIKeyboardViewController.h */ = {isa = PBXFileReference; fileEncoding = 4; lastKnownFileType = sourcecode.c.h; path = MCUIKeyboardViewController.h; sourceTree = "<group>"; };
		1EFC5D3819880BEC00750CB5 /* MCUIKeyboardViewController.m */ = {isa = PBXFileReference; fileEncoding = 4; lastKnownFileType = sourcecode.c.objc; path = MCUIKeyboardViewController.m; sourceTree = "<group>"; };
		1EFC5D3919880BEC00750CB5 /* MCUILabel.h */ = {isa = PBXFileReference; fileEncoding = 4; lastKnownFileType = sourcecode.c.h; path = MCUILabel.h; sourceTree = "<group>"; };
		1EFC5D3A19880BEC00750CB5 /* MCUILabel.m */ = {isa = PBXFileReference; fileEncoding = 4; lastKnownFileType = sourcecode.c.objc; path = MCUILabel.m; sourceTree = "<group>"; };
		1EFC5D3B19880BEC00750CB5 /* MCUIPanorama.h */ = {isa = PBXFileReference; fileEncoding = 4; lastKnownFileType = sourcecode.c.h; path = MCUIPanorama.h; sourceTree = "<group>"; };
		1EFC5D3C19880BEC00750CB5 /* MCUIPanorama.m */ = {isa = PBXFileReference; fileEncoding = 4; lastKnownFileType = sourcecode.c.objc; path = MCUIPanorama.m; sourceTree = "<group>"; };
		1EFC5D3D19880BEC00750CB5 /* MCUISegment.h */ = {isa = PBXFileReference; fileEncoding = 4; lastKnownFileType = sourcecode.c.h; path = MCUISegment.h; sourceTree = "<group>"; };
		1EFC5D3E19880BEC00750CB5 /* MCUISegment.m */ = {isa = PBXFileReference; fileEncoding = 4; lastKnownFileType = sourcecode.c.objc; path = MCUISegment.m; sourceTree = "<group>"; };
		1EFC5D3F19880BEC00750CB5 /* MCUISegmentedControl.h */ = {isa = PBXFileReference; fileEncoding = 4; lastKnownFileType = sourcecode.c.h; path = MCUISegmentedControl.h; sourceTree = "<group>"; };
		1EFC5D4019880BEC00750CB5 /* MCUISegmentedControl.m */ = {isa = PBXFileReference; fileEncoding = 4; lastKnownFileType = sourcecode.c.objc; path = MCUISegmentedControl.m; sourceTree = "<group>"; };
		1EFC5D4119880BEC00750CB5 /* MCUISlider.h */ = {isa = PBXFileReference; fileEncoding = 4; lastKnownFileType = sourcecode.c.h; path = MCUISlider.h; sourceTree = "<group>"; };
		1EFC5D4219880BEC00750CB5 /* MCUISlider.m */ = {isa = PBXFileReference; fileEncoding = 4; lastKnownFileType = sourcecode.c.objc; path = MCUISlider.m; sourceTree = "<group>"; };
		1EFC5D4319880BEC00750CB5 /* MCUISliderThumbView.h */ = {isa = PBXFileReference; fileEncoding = 4; lastKnownFileType = sourcecode.c.h; path = MCUISliderThumbView.h; sourceTree = "<group>"; };
		1EFC5D4419880BEC00750CB5 /* MCUISliderThumbView.m */ = {isa = PBXFileReference; fileEncoding = 4; lastKnownFileType = sourcecode.c.objc; path = MCUISliderThumbView.m; sourceTree = "<group>"; };
		1EFC5D4519880BEC00750CB5 /* MCUISwitch.h */ = {isa = PBXFileReference; fileEncoding = 4; lastKnownFileType = sourcecode.c.h; path = MCUISwitch.h; sourceTree = "<group>"; };
		1EFC5D4619880BEC00750CB5 /* MCUISwitch.m */ = {isa = PBXFileReference; fileEncoding = 4; lastKnownFileType = sourcecode.c.objc; path = MCUISwitch.m; sourceTree = "<group>"; };
		1EFC5D4719880BEC00750CB5 /* MCUITextField.h */ = {isa = PBXFileReference; fileEncoding = 4; lastKnownFileType = sourcecode.c.h; path = MCUITextField.h; sourceTree = "<group>"; };
		1EFC5D4819880BEC00750CB5 /* MCUITextField.m */ = {isa = PBXFileReference; fileEncoding = 4; lastKnownFileType = sourcecode.c.objc; path = MCUITextField.m; sourceTree = "<group>"; };
/* End PBXFileReference section */

/* Begin PBXFrameworksBuildPhase section */
		1E0E59F4198C05B1000ADFB3 /* Frameworks */ = {
			isa = PBXFrameworksBuildPhase;
			buildActionMask = 2147483647;
			files = (
				1E0E59FA198C05B1000ADFB3 /* CoreGraphics.framework in Frameworks */,
				1E0E59FB198C05B1000ADFB3 /* UIKit.framework in Frameworks */,
				1E3BD594198DC88E006A5D97 /* GraphicsServices.framework in Frameworks */,
				1E0E59F8198C05B1000ADFB3 /* Foundation.framework in Frameworks */,
			);
			runOnlyForDeploymentPostprocessing = 0;
		};
		1E144C191988075700B4A69B /* Frameworks */ = {
			isa = PBXFrameworksBuildPhase;
			buildActionMask = 2147483647;
			files = (
				1E144C271988077200B4A69B /* Foundation.framework in Frameworks */,
				1E144C251988076C00B4A69B /* UIKit.framework in Frameworks */,
				1E923B05199030E5006F4D4C /* GraphicsServices.framework in Frameworks */,
			);
			runOnlyForDeploymentPostprocessing = 0;
		};
/* End PBXFrameworksBuildPhase section */

/* Begin PBXGroup section */
		1E0E59FC198C05B1000ADFB3 /* MCUIKitTest */ = {
			isa = PBXGroup;
			children = (
				1E0E5A05198C05B1000ADFB3 /* AppDelegate.h */,
				1E0E5A06198C05B1000ADFB3 /* AppDelegate.m */,
				1E0E5A08198C05B1000ADFB3 /* Main.storyboard */,
				1E0E5A0B198C05B1000ADFB3 /* ViewController.h */,
				1E0E5A0C198C05B1000ADFB3 /* ViewController.m */,
				1E0E5A0E198C05B1000ADFB3 /* Images.xcassets */,
				1E0E59FD198C05B1000ADFB3 /* Supporting Files */,
			);
			path = MCUIKitTest;
			sourceTree = "<group>";
		};
		1E0E59FD198C05B1000ADFB3 /* Supporting Files */ = {
			isa = PBXGroup;
			children = (
				1E0E59FE198C05B1000ADFB3 /* MCUIKitTest-Info.plist */,
				1E0E59FF198C05B1000ADFB3 /* InfoPlist.strings */,
				1E0E5A02198C05B1000ADFB3 /* main.m */,
				1E0E5A04198C05B1000ADFB3 /* MCUIKitTest-Prefix.pch */,
			);
			name = "Supporting Files";
			sourceTree = "<group>";
		};
		1E144C131988075700B4A69B = {
			isa = PBXGroup;
			children = (
				1E23A30D198AA09400F78F2B /* Makefile */,
				1E144C281988077800B4A69B /* MCUIKit */,
				1E0E59FC198C05B1000ADFB3 /* MCUIKitTest */,
				1E144C231988076100B4A69B /* Frameworks */,
				1E144C1D1988075700B4A69B /* Products */,
			);
			sourceTree = "<group>";
		};
		1E144C1D1988075700B4A69B /* Products */ = {
			isa = PBXGroup;
			children = (
				1E144C1C1988075700B4A69B /* MCUIKit.dylib */,
				1E0E59F7198C05B1000ADFB3 /* MCUIKitTest.app */,
			);
			name = Products;
			sourceTree = "<group>";
		};
		1E144C231988076100B4A69B /* Frameworks */ = {
			isa = PBXGroup;
			children = (
				1E3BD593198DC88E006A5D97 /* GraphicsServices.framework */,
				1E144C261988077200B4A69B /* Foundation.framework */,
				1E144C241988076C00B4A69B /* UIKit.framework */,
				1E0E59F9198C05B1000ADFB3 /* CoreGraphics.framework */,
				1E0E5A15198C05B1000ADFB3 /* XCTest.framework */,
			);
			name = Frameworks;
			sourceTree = "<group>";
		};
		1E144C281988077800B4A69B /* MCUIKit */ = {
			isa = PBXGroup;
			children = (
				1E144C291988078A00B4A69B /* MCUIKit.h */,
				1EFC5D3519880BEC00750CB5 /* MCUIButton.h */,
				1EFC5D3619880BEC00750CB5 /* MCUIButton.m */,
				1EFC5D3919880BEC00750CB5 /* MCUILabel.h */,
				1EFC5D3A19880BEC00750CB5 /* MCUILabel.m */,
				1EFC5D3B19880BEC00750CB5 /* MCUIPanorama.h */,
				1EFC5D3C19880BEC00750CB5 /* MCUIPanorama.m */,
				1EFC5D3F19880BEC00750CB5 /* MCUISegmentedControl.h */,
				1EFC5D3D19880BEC00750CB5 /* MCUISegment.h */,
				1EFC5D3E19880BEC00750CB5 /* MCUISegment.m */,
				1EFC5D4019880BEC00750CB5 /* MCUISegmentedControl.m */,
				1EFC5D4519880BEC00750CB5 /* MCUISwitch.h */,
				1EFC5D4619880BEC00750CB5 /* MCUISwitch.m */,
				1EFC5D4719880BEC00750CB5 /* MCUITextField.h */,
				1EFC5D4819880BEC00750CB5 /* MCUITextField.m */,
				1EFC5D3719880BEC00750CB5 /* MCUIKeyboardViewController.h */,
				1EFC5D3819880BEC00750CB5 /* MCUIKeyboardViewController.m */,
				1EFC5D4119880BEC00750CB5 /* MCUISlider.h */,
				1EFC5D4219880BEC00750CB5 /* MCUISlider.m */,
				1EFC5D4319880BEC00750CB5 /* MCUISliderThumbView.h */,
				1EFC5D4419880BEC00750CB5 /* MCUISliderThumbView.m */,
				1E0E5A2A198C065C000ADFB3 /* NSObject+MCUIKit.h */,
				1E0E5A2B198C065C000ADFB3 /* NSObject+MCUIKit.m */,
				1E3BD58F198DC5E8006A5D97 /* NSBundle+MCUI.h */,
				1E3BD590198DC5E8006A5D97 /* NSBundle+MCUI.m */,
				1E144C2A198807AD00B4A69B /* UIImage+MCUI.h */,
				1E144C2B198807AD00B4A69B /* UIImage+MCUI.m */,
				1E923B0419902F73006F4D4C /* ItemList.h */,
				1E3BD596198E9BE4006A5D97 /* ItemList.m */,
				1EE6D6091992920B00E1C137 /* MCUIItemView.h */,
				1EE6D60A1992920B00E1C137 /* MCUIItemView.m */,
				1EE6D60E1992A68700E1C137 /* MCUIBlockView.h */,
				1EE6D60F1992A68700E1C137 /* MCUIBlockView.m */,
			);
			name = MCUIKit;
			sourceTree = "<group>";
		};
/* End PBXGroup section */

/* Begin PBXHeadersBuildPhase section */
		1E144C1A1988075700B4A69B /* Headers */ = {
			isa = PBXHeadersBuildPhase;
			buildActionMask = 2147483647;
			files = (
				1EFC5D5119880BEC00750CB5 /* MCUISegment.h in Headers */,
				1EFC5D5B19880BEC00750CB5 /* MCUITextField.h in Headers */,
				1EFC5D4F19880BEC00750CB5 /* MCUIPanorama.h in Headers */,
				1EFC5D4919880BEC00750CB5 /* MCUIButton.h in Headers */,
				1EE6D60B1992920B00E1C137 /* MCUIItemView.h in Headers */,
				1EFC5D5519880BEC00750CB5 /* MCUISlider.h in Headers */,
				1E0E5A2C198C065C000ADFB3 /* NSObject+MCUIKit.h in Headers */,
				1EFC5D5919880BEC00750CB5 /* MCUISwitch.h in Headers */,
				1EE6D6101992A68700E1C137 /* MCUIBlockView.h in Headers */,
				1EFC5D5319880BEC00750CB5 /* MCUISegmentedControl.h in Headers */,
				1EFC5D5719880BEC00750CB5 /* MCUISliderThumbView.h in Headers */,
				1EFC5D4B19880BEC00750CB5 /* MCUIKeyboardViewController.h in Headers */,
				1E144C2C198807AD00B4A69B /* UIImage+MCUI.h in Headers */,
				1E3BD591198DC5E8006A5D97 /* NSBundle+MCUI.h in Headers */,
				1EFC5D4D19880BEC00750CB5 /* MCUILabel.h in Headers */,
			);
			runOnlyForDeploymentPostprocessing = 0;
		};
/* End PBXHeadersBuildPhase section */

/* Begin PBXNativeTarget section */
		1E0E59F6198C05B1000ADFB3 /* MCUIKitTest */ = {
			isa = PBXNativeTarget;
			buildConfigurationList = 1E0E5A27198C05B2000ADFB3 /* Build configuration list for PBXNativeTarget "MCUIKitTest" */;
			buildPhases = (
				1E0E59F3198C05B1000ADFB3 /* Sources */,
				1E0E59F4198C05B1000ADFB3 /* Frameworks */,
				1E0E59F5198C05B1000ADFB3 /* Resources */,
			);
			buildRules = (
			);
			dependencies = (
			);
			name = MCUIKitTest;
			productName = MCUIKitTest;
			productReference = 1E0E59F7198C05B1000ADFB3 /* MCUIKitTest.app */;
			productType = "com.apple.product-type.application";
		};
		1E144C1B1988075700B4A69B /* MCUIKit */ = {
			isa = PBXNativeTarget;
			buildConfigurationList = 1E144C201988075700B4A69B /* Build configuration list for PBXNativeTarget "MCUIKit" */;
			buildPhases = (
				1E144C181988075700B4A69B /* Sources */,
				1E144C191988075700B4A69B /* Frameworks */,
				1E144C1A1988075700B4A69B /* Headers */,
			);
			buildRules = (
			);
			dependencies = (
			);
			name = MCUIKit;
			productName = MCUIKit;
			productReference = 1E144C1C1988075700B4A69B /* MCUIKit.dylib */;
			productType = "com.apple.product-type.library.dynamic";
		};
/* End PBXNativeTarget section */

/* Begin PBXProject section */
		1E144C141988075700B4A69B /* Project object */ = {
			isa = PBXProject;
			attributes = {
				LastUpgradeCheck = 0510;
				ORGANIZATIONNAME = "Silas Schwarz";
			};
			buildConfigurationList = 1E144C171988075700B4A69B /* Build configuration list for PBXProject "MCUIKit" */;
			compatibilityVersion = "Xcode 3.2";
			developmentRegion = English;
			hasScannedForEncodings = 0;
			knownRegions = (
				en,
				Base,
			);
			mainGroup = 1E144C131988075700B4A69B;
			productRefGroup = 1E144C1D1988075700B4A69B /* Products */;
			projectDirPath = "";
			projectRoot = "";
			targets = (
				1E144C1B1988075700B4A69B /* MCUIKit */,
				1E0E59F6198C05B1000ADFB3 /* MCUIKitTest */,
			);
		};
/* End PBXProject section */

/* Begin PBXResourcesBuildPhase section */
		1E0E59F5198C05B1000ADFB3 /* Resources */ = {
			isa = PBXResourcesBuildPhase;
			buildActionMask = 2147483647;
			files = (
				1E0E5A0F198C05B1000ADFB3 /* Images.xcassets in Resources */,
				1E0E5A01198C05B1000ADFB3 /* InfoPlist.strings in Resources */,
				1E0E5A0A198C05B1000ADFB3 /* Main.storyboard in Resources */,
			);
			runOnlyForDeploymentPostprocessing = 0;
		};
/* End PBXResourcesBuildPhase section */

/* Begin PBXSourcesBuildPhase section */
		1E0E59F3198C05B1000ADFB3 /* Sources */ = {
			isa = PBXSourcesBuildPhase;
			buildActionMask = 2147483647;
			files = (
				1E0E5A0D198C05B1000ADFB3 /* ViewController.m in Sources */,
				1EE6D60D19929DCF00E1C137 /* MCUIItemView.m in Sources */,
				1EF89645198C715E0070E16E /* MCUITextField.m in Sources */,
				1EF89648198C715E0070E16E /* MCUISliderThumbView.m in Sources */,
				1EF89642198C715E0070E16E /* MCUISegment.m in Sources */,
				1E0E5A07198C05B1000ADFB3 /* AppDelegate.m in Sources */,
				1EF89640198C715E0070E16E /* MCUILabel.m in Sources */,
				1EF89646198C715E0070E16E /* MCUIKeyboardViewController.m in Sources */,
				1E0E5A03198C05B1000ADFB3 /* main.m in Sources */,
				1EF89641198C715E0070E16E /* MCUIPanorama.m in Sources */,
				1EF89647198C715E0070E16E /* MCUISlider.m in Sources */,
				1EF8963F198C715E0070E16E /* MCUIButton.m in Sources */,
				1EF89643198C715E0070E16E /* MCUISegmentedControl.m in Sources */,
				1EF89649198C715E0070E16E /* NSObject+MCUIKit.m in Sources */,
				1EF8963E198C715E0070E16E /* UIImage+MCUI.m in Sources */,
				1E3BD595198DC896006A5D97 /* NSBundle+MCUI.m in Sources */,
				1EE6D6121992A68700E1C137 /* MCUIBlockView.m in Sources */,
				1EF89644198C715E0070E16E /* MCUISwitch.m in Sources */,
				1E6389B7199062F0005039CB /* ItemList.m in Sources */,
			);
			runOnlyForDeploymentPostprocessing = 0;
		};
		1E144C181988075700B4A69B /* Sources */ = {
			isa = PBXSourcesBuildPhase;
			buildActionMask = 2147483647;
			files = (
				1EFC5D5619880BEC00750CB5 /* MCUISlider.m in Sources */,
				1EFC5D5C19880BEC00750CB5 /* MCUITextField.m in Sources */,
				1EFC5D5019880BEC00750CB5 /* MCUIPanorama.m in Sources */,
				1EFC5D4E19880BEC00750CB5 /* MCUILabel.m in Sources */,
				1EE6D60C1992920B00E1C137 /* MCUIItemView.m in Sources */,
				1E3BD592198DC5E8006A5D97 /* NSBundle+MCUI.m in Sources */,
				1E144C2D198807AD00B4A69B /* UIImage+MCUI.m in Sources */,
				1EFC5D5219880BEC00750CB5 /* MCUISegment.m in Sources */,
				1E0E5A2D198C065C000ADFB3 /* NSObject+MCUIKit.m in Sources */,
				1E3BD597198E9BE4006A5D97 /* ItemList.m in Sources */,
				1EFC5D5819880BEC00750CB5 /* MCUISliderThumbView.m in Sources */,
				1EFC5D5419880BEC00750CB5 /* MCUISegmentedControl.m in Sources */,
				1EFC5D4A19880BEC00750CB5 /* MCUIButton.m in Sources */,
				1EFC5D4C19880BEC00750CB5 /* MCUIKeyboardViewController.m in Sources */,
				1EE6D6111992A68700E1C137 /* MCUIBlockView.m in Sources */,
				1EFC5D5A19880BEC00750CB5 /* MCUISwitch.m in Sources */,
			);
			runOnlyForDeploymentPostprocessing = 0;
		};
/* End PBXSourcesBuildPhase section */

/* Begin PBXVariantGroup section */
		1E0E59FF198C05B1000ADFB3 /* InfoPlist.strings */ = {
			isa = PBXVariantGroup;
			children = (
				1E0E5A00198C05B1000ADFB3 /* en */,
			);
			name = InfoPlist.strings;
			sourceTree = "<group>";
		};
		1E0E5A08198C05B1000ADFB3 /* Main.storyboard */ = {
			isa = PBXVariantGroup;
			children = (
				1E0E5A09198C05B1000ADFB3 /* Base */,
			);
			name = Main.storyboard;
			sourceTree = "<group>";
		};
/* End PBXVariantGroup section */

/* Begin XCBuildConfiguration section */
		1E0E5A23198C05B2000ADFB3 /* Debug */ = {
			isa = XCBuildConfiguration;
			buildSettings = {
				ASSETCATALOG_COMPILER_APPICON_NAME = AppIcon;
				ASSETCATALOG_COMPILER_LAUNCHIMAGE_NAME = LaunchImage;
				CODE_SIGN_IDENTITY = "Silas Self Sign";
				"CODE_SIGN_IDENTITY[sdk=iphoneos*]" = "Silas Self Sign";
				FRAMEWORK_SEARCH_PATHS = (
					"${inherited}",
					"${SRCROOT}/../prefix/Frameworks",
					"$(SDKROOT)$(SYSTEM_LIBRARY_DIR)/PrivateFrameworks",
				);
				GCC_PRECOMPILE_PREFIX_HEADER = YES;
				GCC_PREFIX_HEADER = "MCUIKitTest/MCUIKitTest-Prefix.pch";
				GCC_PREPROCESSOR_DEFINITIONS = (
					"DEBUG=1",
					"$(inherited)",
					"SRCROOT=@\\\"${SRCROOT}\\\"",
				);
				HEADER_SEARCH_PATHS = (
					"${inherited}",
					"${SRCROOT}/../prefix/include",
				);
				INFOPLIST_FILE = "MCUIKitTest/MCUIKitTest-Info.plist";
				LIBRARY_SEARCH_PATHS = (
					"${inherited}",
					"${SRCROOT}/../prefix/lib",
				);
				PRODUCT_NAME = "$(TARGET_NAME)";
				WRAPPER_EXTENSION = app;
			};
			name = Debug;
		};
		1E0E5A24198C05B2000ADFB3 /* Release */ = {
			isa = XCBuildConfiguration;
			buildSettings = {
				ASSETCATALOG_COMPILER_APPICON_NAME = AppIcon;
				ASSETCATALOG_COMPILER_LAUNCHIMAGE_NAME = LaunchImage;
				CODE_SIGN_IDENTITY = "Silas Self Sign";
				"CODE_SIGN_IDENTITY[sdk=iphoneos*]" = "Silas Self Sign";
				FRAMEWORK_SEARCH_PATHS = (
					"${inherited}",
					"${SRCROOT}/../prefix/Frameworks",
					"$(SDKROOT)$(SYSTEM_LIBRARY_DIR)/PrivateFrameworks",
				);
				GCC_PRECOMPILE_PREFIX_HEADER = YES;
				GCC_PREFIX_HEADER = "MCUIKitTest/MCUIKitTest-Prefix.pch";
				HEADER_SEARCH_PATHS = (
					"${inherited}",
					"${SRCROOT}/../prefix/include",
				);
				INFOPLIST_FILE = "MCUIKitTest/MCUIKitTest-Info.plist";
				LIBRARY_SEARCH_PATHS = (
					"${inherited}",
					"${SRCROOT}/../prefix/lib",
				);
				PRODUCT_NAME = "$(TARGET_NAME)";
				WRAPPER_EXTENSION = app;
			};
			name = Release;
		};
		1E144C1E1988075700B4A69B /* Debug */ = {
			isa = XCBuildConfiguration;
			buildSettings = {
				ALWAYS_SEARCH_USER_PATHS = NO;
				CLANG_CXX_LANGUAGE_STANDARD = "gnu++0x";
				CLANG_CXX_LIBRARY = "libc++";
				CLANG_ENABLE_MODULES = YES;
				CLANG_ENABLE_OBJC_ARC = YES;
				CLANG_WARN_BOOL_CONVERSION = YES;
				CLANG_WARN_CONSTANT_CONVERSION = YES;
				CLANG_WARN_DIRECT_OBJC_ISA_USAGE = YES_ERROR;
				CLANG_WARN_EMPTY_BODY = YES;
				CLANG_WARN_ENUM_CONVERSION = YES;
				CLANG_WARN_INT_CONVERSION = YES;
				CLANG_WARN_OBJC_ROOT_CLASS = YES_ERROR;
				CLANG_WARN__DUPLICATE_METHOD_MATCH = YES;
				COPY_PHASE_STRIP = NO;
				GCC_C_LANGUAGE_STANDARD = gnu99;
				GCC_DYNAMIC_NO_PIC = NO;
				GCC_OPTIMIZATION_LEVEL = 0;
				GCC_PREPROCESSOR_DEFINITIONS = (
					"DEBUG=1",
					"$(inherited)",
				);
				GCC_SYMBOLS_PRIVATE_EXTERN = NO;
				GCC_WARN_64_TO_32_BIT_CONVERSION = YES;
				GCC_WARN_ABOUT_RETURN_TYPE = YES_ERROR;
				GCC_WARN_UNDECLARED_SELECTOR = YES;
				GCC_WARN_UNINITIALIZED_AUTOS = YES_AGGRESSIVE;
				GCC_WARN_UNUSED_FUNCTION = YES;
				GCC_WARN_UNUSED_VARIABLE = YES;
				IPHONEOS_DEPLOYMENT_TARGET = 7.1;
				ONLY_ACTIVE_ARCH = YES;
				SDKROOT = iphoneos;
			};
			name = Debug;
		};
		1E144C1F1988075700B4A69B /* Release */ = {
			isa = XCBuildConfiguration;
			buildSettings = {
				ALWAYS_SEARCH_USER_PATHS = NO;
				CLANG_CXX_LANGUAGE_STANDARD = "gnu++0x";
				CLANG_CXX_LIBRARY = "libc++";
				CLANG_ENABLE_MODULES = YES;
				CLANG_ENABLE_OBJC_ARC = YES;
				CLANG_WARN_BOOL_CONVERSION = YES;
				CLANG_WARN_CONSTANT_CONVERSION = YES;
				CLANG_WARN_DIRECT_OBJC_ISA_USAGE = YES_ERROR;
				CLANG_WARN_EMPTY_BODY = YES;
				CLANG_WARN_ENUM_CONVERSION = YES;
				CLANG_WARN_INT_CONVERSION = YES;
				CLANG_WARN_OBJC_ROOT_CLASS = YES_ERROR;
				CLANG_WARN__DUPLICATE_METHOD_MATCH = YES;
				COPY_PHASE_STRIP = YES;
				ENABLE_NS_ASSERTIONS = NO;
				GCC_C_LANGUAGE_STANDARD = gnu99;
				GCC_WARN_64_TO_32_BIT_CONVERSION = YES;
				GCC_WARN_ABOUT_RETURN_TYPE = YES_ERROR;
				GCC_WARN_UNDECLARED_SELECTOR = YES;
				GCC_WARN_UNINITIALIZED_AUTOS = YES_AGGRESSIVE;
				GCC_WARN_UNUSED_FUNCTION = YES;
				GCC_WARN_UNUSED_VARIABLE = YES;
				IPHONEOS_DEPLOYMENT_TARGET = 7.1;
				SDKROOT = iphoneos;
				VALIDATE_PRODUCT = YES;
			};
			name = Release;
		};
		1E144C211988075700B4A69B /* Debug */ = {
			isa = XCBuildConfiguration;
			buildSettings = {
				CLANG_ENABLE_OBJC_ARC = NO;
				CODE_SIGN_IDENTITY = "Silas Self Sign";
				EXECUTABLE_PREFIX = "";
				FRAMEWORK_SEARCH_PATHS = (
					"${inherited}",
					"${SRCROOT}/../prefix/Frameworks",
					"$(SDKROOT)$(SYSTEM_LIBRARY_DIR)/PrivateFrameworks",
				);
				GCC_PREFIX_HEADER = "";
				GCC_PREPROCESSOR_DEFINITIONS = (
					"DEBUG=1",
					"$(inherited)",
					"SRCROOT=@\\\"${SRCROOT}\\\"",
				);
				HEADER_SEARCH_PATHS = (
					"${inherited}",
					"${SRCROOT}/../prefix/include",
					/opt/iOSOpenDev/include,
				);
				IPHONEOS_DEPLOYMENT_TARGET = 5.1;
				LIBRARY_SEARCH_PATHS = (
					"${inherited}",
					"${SRCROOT}/../prefix/lib",
				);
				PRODUCT_NAME = "$(TARGET_NAME)";
			};
			name = Debug;
		};
		1E144C221988075700B4A69B /* Release */ = {
			isa = XCBuildConfiguration;
			buildSettings = {
				CLANG_ENABLE_OBJC_ARC = NO;
				CODE_SIGN_IDENTITY = "Silas Self Sign";
				EXECUTABLE_PREFIX = "";
				FRAMEWORK_SEARCH_PATHS = (
					"${inherited}",
					"${SRCROOT}/../prefix/Frameworks",
					"$(SDKROOT)$(SYSTEM_LIBRARY_DIR)/PrivateFrameworks",
				);
				GCC_PREFIX_HEADER = "";
				HEADER_SEARCH_PATHS = (
					"${inherited}",
					"${SRCROOT}/../prefix/include",
					/opt/iOSOpenDev/include,
				);
				IPHONEOS_DEPLOYMENT_TARGET = 5.1;
				LIBRARY_SEARCH_PATHS = (
					"${inherited}",
					"${SRCROOT}/../prefix/lib",
				);
				PRODUCT_NAME = "$(TARGET_NAME)";
			};
			name = Release;
		};
/* End XCBuildConfiguration section */

/* Begin XCConfigurationList section */
		1E0E5A27198C05B2000ADFB3 /* Build configuration list for PBXNativeTarget "MCUIKitTest" */ = {
			isa = XCConfigurationList;
			buildConfigurations = (
				1E0E5A23198C05B2000ADFB3 /* Debug */,
				1E0E5A24198C05B2000ADFB3 /* Release */,
			);
			defaultConfigurationIsVisible = 0;
			defaultConfigurationName = Release;
		};
		1E144C171988075700B4A69B /* Build configuration list for PBXProject "MCUIKit" */ = {
			isa = XCConfigurationList;
			buildConfigurations = (
				1E144C1E1988075700B4A69B /* Debug */,
				1E144C1F1988075700B4A69B /* Release */,
			);
			defaultConfigurationIsVisible = 0;
			defaultConfigurationName = Release;
		};
		1E144C201988075700B4A69B /* Build configuration list for PBXNativeTarget "MCUIKit" */ = {
			isa = XCConfigurationList;
			buildConfigurations = (
				1E144C211988075700B4A69B /* Debug */,
				1E144C221988075700B4A69B /* Release */,
			);
			defaultConfigurationIsVisible = 0;
			defaultConfigurationName = Release;
		};
/* End XCConfigurationList section */
	};
	rootObject = 1E144C141988075700B4A69B /* Project object */;
}
