// !$*UTF8*$!
{
	archiveVersion = 1;
	classes = {
	};
	objectVersion = 46;
	objects = {

/* Begin PBXAggregateTarget section */
		1EE6D6131992C10D00E1C137 /* MCUIKit-Release */ = {
			isa = PBXAggregateTarget;
			buildConfigurationList = 1EE6D6141992C10D00E1C137 /* Build configuration list for PBXAggregateTarget "MCUIKit-Release" */;
			buildPhases = (
				1EE6D6171992C11200E1C137 /* ShellScript */,
			);
			dependencies = (
			);
			name = "MCUIKit-Release";
			productName = "MCUIKit-Release";
		};
/* End PBXAggregateTarget section */

/* Begin PBXBuildFile section */
		1E144C251988076C00B4A69B /* UIKit.framework in Frameworks */ = {isa = PBXBuildFile; fileRef = 1E144C241988076C00B4A69B /* UIKit.framework */; };
		1E144C271988077200B4A69B /* Foundation.framework in Frameworks */ = {isa = PBXBuildFile; fileRef = 1E144C261988077200B4A69B /* Foundation.framework */; };
		1E1A0F891994403A00C1F763 /* MCUIBlockView.m in Sources */ = {isa = PBXBuildFile; fileRef = 1E6B9C5F19932E6E003536BB /* MCUIBlockView.m */; };
		1E4BA1161996AB42007F0681 /* MCUIKitHook.h in Headers */ = {isa = PBXBuildFile; fileRef = 1E4BA1151996AB42007F0681 /* MCUIKitHook.h */; };
		1E6B9C7D19932E6E003536BB /* ItemList.h in Headers */ = {isa = PBXBuildFile; fileRef = 1E6B9C5C19932E6E003536BB /* ItemList.h */; };
		1E6B9C7E19932E6E003536BB /* ItemList.m in Sources */ = {isa = PBXBuildFile; fileRef = 1E6B9C5D19932E6E003536BB /* ItemList.m */; };
		1E6B9C7F19932E6E003536BB /* MCUIBlockView.h in Headers */ = {isa = PBXBuildFile; fileRef = 1E6B9C5E19932E6E003536BB /* MCUIBlockView.h */; };
		1E6B9C8119932E6E003536BB /* MCUIButton.h in Headers */ = {isa = PBXBuildFile; fileRef = 1E6B9C6019932E6E003536BB /* MCUIButton.h */; };
		1E6B9C8219932E6E003536BB /* MCUIButton.m in Sources */ = {isa = PBXBuildFile; fileRef = 1E6B9C6119932E6E003536BB /* MCUIButton.m */; };
		1E6B9C8319932E6E003536BB /* MCUIItemView.h in Headers */ = {isa = PBXBuildFile; fileRef = 1E6B9C6219932E6E003536BB /* MCUIItemView.h */; };
		1E6B9C8419932E6E003536BB /* MCUIItemView.m in Sources */ = {isa = PBXBuildFile; fileRef = 1E6B9C6319932E6E003536BB /* MCUIItemView.m */; };
		1E6B9C8519932E6E003536BB /* MCUIKeyboardViewController.h in Headers */ = {isa = PBXBuildFile; fileRef = 1E6B9C6419932E6E003536BB /* MCUIKeyboardViewController.h */; };
		1E6B9C8619932E6E003536BB /* MCUIKeyboardViewController.m in Sources */ = {isa = PBXBuildFile; fileRef = 1E6B9C6519932E6E003536BB /* MCUIKeyboardViewController.m */; };
		1E6B9C8819932E6E003536BB /* MCUILabel.h in Headers */ = {isa = PBXBuildFile; fileRef = 1E6B9C6719932E6E003536BB /* MCUILabel.h */; };
		1E6B9C8919932E6E003536BB /* MCUILabel.m in Sources */ = {isa = PBXBuildFile; fileRef = 1E6B9C6819932E6E003536BB /* MCUILabel.m */; };
		1E6B9C8A19932E6E003536BB /* MCUIPanorama.h in Headers */ = {isa = PBXBuildFile; fileRef = 1E6B9C6919932E6E003536BB /* MCUIPanorama.h */; };
		1E6B9C8B19932E6E003536BB /* MCUIPanorama.m in Sources */ = {isa = PBXBuildFile; fileRef = 1E6B9C6A19932E6E003536BB /* MCUIPanorama.m */; };
		1E6B9C8C19932E6E003536BB /* MCUISegment.h in Headers */ = {isa = PBXBuildFile; fileRef = 1E6B9C6B19932E6E003536BB /* MCUISegment.h */; };
		1E6B9C8D19932E6E003536BB /* MCUISegment.m in Sources */ = {isa = PBXBuildFile; fileRef = 1E6B9C6C19932E6E003536BB /* MCUISegment.m */; };
		1E6B9C8E19932E6E003536BB /* MCUISegmentedControl.h in Headers */ = {isa = PBXBuildFile; fileRef = 1E6B9C6D19932E6E003536BB /* MCUISegmentedControl.h */; };
		1E6B9C8F19932E6E003536BB /* MCUISegmentedControl.m in Sources */ = {isa = PBXBuildFile; fileRef = 1E6B9C6E19932E6E003536BB /* MCUISegmentedControl.m */; };
		1E6B9C9019932E6E003536BB /* MCUISlider.h in Headers */ = {isa = PBXBuildFile; fileRef = 1E6B9C6F19932E6E003536BB /* MCUISlider.h */; };
		1E6B9C9119932E6E003536BB /* MCUISlider.m in Sources */ = {isa = PBXBuildFile; fileRef = 1E6B9C7019932E6E003536BB /* MCUISlider.m */; };
		1E6B9C9219932E6E003536BB /* MCUISliderThumbView.h in Headers */ = {isa = PBXBuildFile; fileRef = 1E6B9C7119932E6E003536BB /* MCUISliderThumbView.h */; };
		1E6B9C9319932E6E003536BB /* MCUISliderThumbView.m in Sources */ = {isa = PBXBuildFile; fileRef = 1E6B9C7219932E6E003536BB /* MCUISliderThumbView.m */; };
		1E6B9C9419932E6E003536BB /* MCUISwitch.h in Headers */ = {isa = PBXBuildFile; fileRef = 1E6B9C7319932E6E003536BB /* MCUISwitch.h */; };
		1E6B9C9519932E6E003536BB /* MCUISwitch.m in Sources */ = {isa = PBXBuildFile; fileRef = 1E6B9C7419932E6E003536BB /* MCUISwitch.m */; };
		1E6B9C9619932E6E003536BB /* MCUITextField.h in Headers */ = {isa = PBXBuildFile; fileRef = 1E6B9C7519932E6E003536BB /* MCUITextField.h */; };
		1E6B9C9719932E6E003536BB /* MCUITextField.m in Sources */ = {isa = PBXBuildFile; fileRef = 1E6B9C7619932E6E003536BB /* MCUITextField.m */; };
		1E6B9C9819932E6E003536BB /* NSBundle+MCUI.h in Headers */ = {isa = PBXBuildFile; fileRef = 1E6B9C7719932E6E003536BB /* NSBundle+MCUI.h */; };
		1E6B9C9919932E6E003536BB /* NSBundle+MCUI.m in Sources */ = {isa = PBXBuildFile; fileRef = 1E6B9C7819932E6E003536BB /* NSBundle+MCUI.m */; };
		1E6B9C9A19932E6E003536BB /* NSObject+MCUIKit.h in Headers */ = {isa = PBXBuildFile; fileRef = 1E6B9C7919932E6E003536BB /* NSObject+MCUIKit.h */; };
		1E6B9C9B19932E6E003536BB /* NSObject+MCUIKit.m in Sources */ = {isa = PBXBuildFile; fileRef = 1E6B9C7A19932E6E003536BB /* NSObject+MCUIKit.m */; };
		1E6B9C9C19932E6E003536BB /* UIImage+MCUI.h in Headers */ = {isa = PBXBuildFile; fileRef = 1E6B9C7B19932E6E003536BB /* UIImage+MCUI.h */; };
		1E6B9C9D19932E6E003536BB /* UIImage+MCUI.m in Sources */ = {isa = PBXBuildFile; fileRef = 1E6B9C7C19932E6E003536BB /* UIImage+MCUI.m */; };
		1E923B05199030E5006F4D4C /* GraphicsServices.framework in Frameworks */ = {isa = PBXBuildFile; fileRef = 1E3BD593198DC88E006A5D97 /* GraphicsServices.framework */; };
/* End PBXBuildFile section */

/* Begin PBXFileReference section */
		1E0E59F9198C05B1000ADFB3 /* CoreGraphics.framework */ = {isa = PBXFileReference; lastKnownFileType = wrapper.framework; name = CoreGraphics.framework; path = System/Library/Frameworks/CoreGraphics.framework; sourceTree = SDKROOT; };
		1E0E5A15198C05B1000ADFB3 /* XCTest.framework */ = {isa = PBXFileReference; lastKnownFileType = wrapper.framework; name = XCTest.framework; path = Library/Frameworks/XCTest.framework; sourceTree = DEVELOPER_DIR; };
		1E144C1C1988075700B4A69B /* MCUIKit.dylib */ = {isa = PBXFileReference; explicitFileType = "compiled.mach-o.dylib"; includeInIndex = 0; path = MCUIKit.dylib; sourceTree = BUILT_PRODUCTS_DIR; };
		1E144C241988076C00B4A69B /* UIKit.framework */ = {isa = PBXFileReference; lastKnownFileType = wrapper.framework; name = UIKit.framework; path = System/Library/Frameworks/UIKit.framework; sourceTree = SDKROOT; };
		1E144C261988077200B4A69B /* Foundation.framework */ = {isa = PBXFileReference; lastKnownFileType = wrapper.framework; name = Foundation.framework; path = System/Library/Frameworks/Foundation.framework; sourceTree = SDKROOT; };
		1E23A30D198AA09400F78F2B /* Makefile */ = {isa = PBXFileReference; fileEncoding = 4; lastKnownFileType = sourcecode.make; path = Makefile; sourceTree = "<group>"; };
		1E3BD593198DC88E006A5D97 /* GraphicsServices.framework */ = {isa = PBXFileReference; lastKnownFileType = wrapper.framework; name = GraphicsServices.framework; path = System/Library/PrivateFrameworks/GraphicsServices.framework; sourceTree = SDKROOT; };
		1E4BA1151996AB42007F0681 /* MCUIKitHook.h */ = {isa = PBXFileReference; fileEncoding = 4; lastKnownFileType = sourcecode.c.h; path = MCUIKitHook.h; sourceTree = "<group>"; };
		1E4BA1171996C4AD007F0681 /* control */ = {isa = PBXFileReference; fileEncoding = 4; lastKnownFileType = text; path = control; sourceTree = "<group>"; };
		1E6B9C5C19932E6E003536BB /* ItemList.h */ = {isa = PBXFileReference; fileEncoding = 4; lastKnownFileType = sourcecode.c.h; path = ItemList.h; sourceTree = "<group>"; };
		1E6B9C5D19932E6E003536BB /* ItemList.m */ = {isa = PBXFileReference; fileEncoding = 4; lastKnownFileType = sourcecode.c.objc; path = ItemList.m; sourceTree = "<group>"; };
		1E6B9C5E19932E6E003536BB /* MCUIBlockView.h */ = {isa = PBXFileReference; fileEncoding = 4; lastKnownFileType = sourcecode.c.h; path = MCUIBlockView.h; sourceTree = "<group>"; };
		1E6B9C5F19932E6E003536BB /* MCUIBlockView.m */ = {isa = PBXFileReference; fileEncoding = 4; lastKnownFileType = sourcecode.c.objc; path = MCUIBlockView.m; sourceTree = "<group>"; };
		1E6B9C6019932E6E003536BB /* MCUIButton.h */ = {isa = PBXFileReference; fileEncoding = 4; lastKnownFileType = sourcecode.c.h; path = MCUIButton.h; sourceTree = "<group>"; };
		1E6B9C6119932E6E003536BB /* MCUIButton.m */ = {isa = PBXFileReference; fileEncoding = 4; lastKnownFileType = sourcecode.c.objc; path = MCUIButton.m; sourceTree = "<group>"; };
		1E6B9C6219932E6E003536BB /* MCUIItemView.h */ = {isa = PBXFileReference; fileEncoding = 4; lastKnownFileType = sourcecode.c.h; path = MCUIItemView.h; sourceTree = "<group>"; };
		1E6B9C6319932E6E003536BB /* MCUIItemView.m */ = {isa = PBXFileReference; fileEncoding = 4; lastKnownFileType = sourcecode.c.objc; path = MCUIItemView.m; sourceTree = "<group>"; };
		1E6B9C6419932E6E003536BB /* MCUIKeyboardViewController.h */ = {isa = PBXFileReference; fileEncoding = 4; lastKnownFileType = sourcecode.c.h; path = MCUIKeyboardViewController.h; sourceTree = "<group>"; };
		1E6B9C6519932E6E003536BB /* MCUIKeyboardViewController.m */ = {isa = PBXFileReference; fileEncoding = 4; lastKnownFileType = sourcecode.c.objc; path = MCUIKeyboardViewController.m; sourceTree = "<group>"; };
		1E6B9C6719932E6E003536BB /* MCUILabel.h */ = {isa = PBXFileReference; fileEncoding = 4; lastKnownFileType = sourcecode.c.h; path = MCUILabel.h; sourceTree = "<group>"; };
		1E6B9C6819932E6E003536BB /* MCUILabel.m */ = {isa = PBXFileReference; fileEncoding = 4; lastKnownFileType = sourcecode.c.objc; path = MCUILabel.m; sourceTree = "<group>"; };
		1E6B9C6919932E6E003536BB /* MCUIPanorama.h */ = {isa = PBXFileReference; fileEncoding = 4; lastKnownFileType = sourcecode.c.h; path = MCUIPanorama.h; sourceTree = "<group>"; };
		1E6B9C6A19932E6E003536BB /* MCUIPanorama.m */ = {isa = PBXFileReference; fileEncoding = 4; lastKnownFileType = sourcecode.c.objc; path = MCUIPanorama.m; sourceTree = "<group>"; };
		1E6B9C6B19932E6E003536BB /* MCUISegment.h */ = {isa = PBXFileReference; fileEncoding = 4; lastKnownFileType = sourcecode.c.h; path = MCUISegment.h; sourceTree = "<group>"; };
		1E6B9C6C19932E6E003536BB /* MCUISegment.m */ = {isa = PBXFileReference; fileEncoding = 4; lastKnownFileType = sourcecode.c.objc; path = MCUISegment.m; sourceTree = "<group>"; };
		1E6B9C6D19932E6E003536BB /* MCUISegmentedControl.h */ = {isa = PBXFileReference; fileEncoding = 4; lastKnownFileType = sourcecode.c.h; path = MCUISegmentedControl.h; sourceTree = "<group>"; };
		1E6B9C6E19932E6E003536BB /* MCUISegmentedControl.m */ = {isa = PBXFileReference; fileEncoding = 4; lastKnownFileType = sourcecode.c.objc; path = MCUISegmentedControl.m; sourceTree = "<group>"; };
		1E6B9C6F19932E6E003536BB /* MCUISlider.h */ = {isa = PBXFileReference; fileEncoding = 4; lastKnownFileType = sourcecode.c.h; path = MCUISlider.h; sourceTree = "<group>"; };
		1E6B9C7019932E6E003536BB /* MCUISlider.m */ = {isa = PBXFileReference; fileEncoding = 4; lastKnownFileType = sourcecode.c.objc; path = MCUISlider.m; sourceTree = "<group>"; };
		1E6B9C7119932E6E003536BB /* MCUISliderThumbView.h */ = {isa = PBXFileReference; fileEncoding = 4; lastKnownFileType = sourcecode.c.h; path = MCUISliderThumbView.h; sourceTree = "<group>"; };
		1E6B9C7219932E6E003536BB /* MCUISliderThumbView.m */ = {isa = PBXFileReference; fileEncoding = 4; lastKnownFileType = sourcecode.c.objc; path = MCUISliderThumbView.m; sourceTree = "<group>"; };
		1E6B9C7319932E6E003536BB /* MCUISwitch.h */ = {isa = PBXFileReference; fileEncoding = 4; lastKnownFileType = sourcecode.c.h; path = MCUISwitch.h; sourceTree = "<group>"; };
		1E6B9C7419932E6E003536BB /* MCUISwitch.m */ = {isa = PBXFileReference; fileEncoding = 4; lastKnownFileType = sourcecode.c.objc; path = MCUISwitch.m; sourceTree = "<group>"; };
		1E6B9C7519932E6E003536BB /* MCUITextField.h */ = {isa = PBXFileReference; fileEncoding = 4; lastKnownFileType = sourcecode.c.h; path = MCUITextField.h; sourceTree = "<group>"; };
		1E6B9C7619932E6E003536BB /* MCUITextField.m */ = {isa = PBXFileReference; fileEncoding = 4; lastKnownFileType = sourcecode.c.objc; path = MCUITextField.m; sourceTree = "<group>"; };
		1E6B9C7719932E6E003536BB /* NSBundle+MCUI.h */ = {isa = PBXFileReference; fileEncoding = 4; lastKnownFileType = sourcecode.c.h; path = "NSBundle+MCUI.h"; sourceTree = "<group>"; };
		1E6B9C7819932E6E003536BB /* NSBundle+MCUI.m */ = {isa = PBXFileReference; fileEncoding = 4; lastKnownFileType = sourcecode.c.objc; path = "NSBundle+MCUI.m"; sourceTree = "<group>"; };
		1E6B9C7919932E6E003536BB /* NSObject+MCUIKit.h */ = {isa = PBXFileReference; fileEncoding = 4; lastKnownFileType = sourcecode.c.h; path = "NSObject+MCUIKit.h"; sourceTree = "<group>"; };
		1E6B9C7A19932E6E003536BB /* NSObject+MCUIKit.m */ = {isa = PBXFileReference; fileEncoding = 4; lastKnownFileType = sourcecode.c.objc; path = "NSObject+MCUIKit.m"; sourceTree = "<group>"; };
		1E6B9C7B19932E6E003536BB /* UIImage+MCUI.h */ = {isa = PBXFileReference; fileEncoding = 4; lastKnownFileType = sourcecode.c.h; path = "UIImage+MCUI.h"; sourceTree = "<group>"; };
		1E6B9C7C19932E6E003536BB /* UIImage+MCUI.m */ = {isa = PBXFileReference; fileEncoding = 4; lastKnownFileType = sourcecode.c.objc; path = "UIImage+MCUI.m"; sourceTree = "<group>"; };
/* End PBXFileReference section */

/* Begin PBXFrameworksBuildPhase section */
		1E144C191988075700B4A69B /* Frameworks */ = {
			isa = PBXFrameworksBuildPhase;
			buildActionMask = 2147483647;
			files = (
				1E144C271988077200B4A69B /* Foundation.framework in Frameworks */,
				1E144C251988076C00B4A69B /* UIKit.framework in Frameworks */,
				1E923B05199030E5006F4D4C /* GraphicsServices.framework in Frameworks */,
			);
			runOnlyForDeploymentPostprocessing = 0;
		};
/* End PBXFrameworksBuildPhase section */

/* Begin PBXGroup section */
		1E144C131988075700B4A69B = {
			isa = PBXGroup;
			children = (
				1E4BA1171996C4AD007F0681 /* control */,
				1E23A30D198AA09400F78F2B /* Makefile */,
				1E6B9C5B19932E5D003536BB /* MCUIKit */,
				1E144C231988076100B4A69B /* Frameworks */,
				1E144C1D1988075700B4A69B /* Products */,
			);
			sourceTree = "<group>";
		};
		1E144C1D1988075700B4A69B /* Products */ = {
			isa = PBXGroup;
			children = (
				1E144C1C1988075700B4A69B /* MCUIKit.dylib */,
			);
			name = Products;
			sourceTree = "<group>";
		};
		1E144C231988076100B4A69B /* Frameworks */ = {
			isa = PBXGroup;
			children = (
				1E3BD593198DC88E006A5D97 /* GraphicsServices.framework */,
				1E144C261988077200B4A69B /* Foundation.framework */,
				1E144C241988076C00B4A69B /* UIKit.framework */,
				1E0E59F9198C05B1000ADFB3 /* CoreGraphics.framework */,
				1E0E5A15198C05B1000ADFB3 /* XCTest.framework */,
			);
			name = Frameworks;
			sourceTree = "<group>";
		};
		1E6B9C5B19932E5D003536BB /* MCUIKit */ = {
			isa = PBXGroup;
			children = (
				1E4BA1151996AB42007F0681 /* MCUIKitHook.h */,
				1E6B9C5C19932E6E003536BB /* ItemList.h */,
				1E6B9C5D19932E6E003536BB /* ItemList.m */,
				1E6B9C5E19932E6E003536BB /* MCUIBlockView.h */,
				1E6B9C5F19932E6E003536BB /* MCUIBlockView.m */,
				1E6B9C6019932E6E003536BB /* MCUIButton.h */,
				1E6B9C6119932E6E003536BB /* MCUIButton.m */,
				1E6B9C6219932E6E003536BB /* MCUIItemView.h */,
				1E6B9C6319932E6E003536BB /* MCUIItemView.m */,
				1E6B9C6419932E6E003536BB /* MCUIKeyboardViewController.h */,
				1E6B9C6519932E6E003536BB /* MCUIKeyboardViewController.m */,
				1E6B9C6719932E6E003536BB /* MCUILabel.h */,
				1E6B9C6819932E6E003536BB /* MCUILabel.m */,
				1E6B9C6919932E6E003536BB /* MCUIPanorama.h */,
				1E6B9C6A19932E6E003536BB /* MCUIPanorama.m */,
				1E6B9C6B19932E6E003536BB /* MCUISegment.h */,
				1E6B9C6C19932E6E003536BB /* MCUISegment.m */,
				1E6B9C6D19932E6E003536BB /* MCUISegmentedControl.h */,
				1E6B9C6E19932E6E003536BB /* MCUISegmentedControl.m */,
				1E6B9C6F19932E6E003536BB /* MCUISlider.h */,
				1E6B9C7019932E6E003536BB /* MCUISlider.m */,
				1E6B9C7119932E6E003536BB /* MCUISliderThumbView.h */,
				1E6B9C7219932E6E003536BB /* MCUISliderThumbView.m */,
				1E6B9C7319932E6E003536BB /* MCUISwitch.h */,
				1E6B9C7419932E6E003536BB /* MCUISwitch.m */,
				1E6B9C7519932E6E003536BB /* MCUITextField.h */,
				1E6B9C7619932E6E003536BB /* MCUITextField.m */,
				1E6B9C7719932E6E003536BB /* NSBundle+MCUI.h */,
				1E6B9C7819932E6E003536BB /* NSBundle+MCUI.m */,
				1E6B9C7919932E6E003536BB /* NSObject+MCUIKit.h */,
				1E6B9C7A19932E6E003536BB /* NSObject+MCUIKit.m */,
				1E6B9C7B19932E6E003536BB /* UIImage+MCUI.h */,
				1E6B9C7C19932E6E003536BB /* UIImage+MCUI.m */,
			);
			name = MCUIKit;
			sourceTree = "<group>";
		};
/* End PBXGroup section */

/* Begin PBXHeadersBuildPhase section */
		1E144C1A1988075700B4A69B /* Headers */ = {
			isa = PBXHeadersBuildPhase;
			buildActionMask = 2147483647;
			files = (
				1E6B9C8C19932E6E003536BB /* MCUISegment.h in Headers */,
				1E6B9C9A19932E6E003536BB /* NSObject+MCUIKit.h in Headers */,
				1E6B9C9C19932E6E003536BB /* UIImage+MCUI.h in Headers */,
				1E6B9C9019932E6E003536BB /* MCUISlider.h in Headers */,
				1E6B9C9419932E6E003536BB /* MCUISwitch.h in Headers */,
				1E6B9C9819932E6E003536BB /* NSBundle+MCUI.h in Headers */,
				1E6B9C8E19932E6E003536BB /* MCUISegmentedControl.h in Headers */,
				1E6B9C8819932E6E003536BB /* MCUILabel.h in Headers */,
				1E6B9C8A19932E6E003536BB /* MCUIPanorama.h in Headers */,
				1E6B9C9619932E6E003536BB /* MCUITextField.h in Headers */,
				1E6B9C8519932E6E003536BB /* MCUIKeyboardViewController.h in Headers */,
				1E6B9C8319932E6E003536BB /* MCUIItemView.h in Headers */,
				1E6B9C7D19932E6E003536BB /* ItemList.h in Headers */,
				1E4BA1161996AB42007F0681 /* MCUIKitHook.h in Headers */,
				1E6B9C7F19932E6E003536BB /* MCUIBlockView.h in Headers */,
				1E6B9C8119932E6E003536BB /* MCUIButton.h in Headers */,
				1E6B9C9219932E6E003536BB /* MCUISliderThumbView.h in Headers */,
			);
			runOnlyForDeploymentPostprocessing = 0;
		};
/* End PBXHeadersBuildPhase section */

/* Begin PBXNativeTarget section */
		1E144C1B1988075700B4A69B /* MCUIKit */ = {
			isa = PBXNativeTarget;
			buildConfigurationList = 1E144C201988075700B4A69B /* Build configuration list for PBXNativeTarget "MCUIKit" */;
			buildPhases = (
				1E144C181988075700B4A69B /* Sources */,
				1E144C191988075700B4A69B /* Frameworks */,
				1E144C1A1988075700B4A69B /* Headers */,
			);
			buildRules = (
			);
			dependencies = (
			);
			name = MCUIKit;
			productName = MCUIKit;
			productReference = 1E144C1C1988075700B4A69B /* MCUIKit.dylib */;
			productType = "com.apple.product-type.library.dynamic";
		};
/* End PBXNativeTarget section */

/* Begin PBXProject section */
		1E144C141988075700B4A69B /* Project object */ = {
			isa = PBXProject;
			attributes = {
				LastUpgradeCheck = 0510;
				ORGANIZATIONNAME = "Silas Schwarz";
			};
			buildConfigurationList = 1E144C171988075700B4A69B /* Build configuration list for PBXProject "MCUIKit" */;
			compatibilityVersion = "Xcode 3.2";
			developmentRegion = English;
			hasScannedForEncodings = 0;
			knownRegions = (
				en,
				Base,
			);
			mainGroup = 1E144C131988075700B4A69B;
			productRefGroup = 1E144C1D1988075700B4A69B /* Products */;
			projectDirPath = "";
			projectRoot = "";
			targets = (
				1E144C1B1988075700B4A69B /* MCUIKit */,
				1EE6D6131992C10D00E1C137 /* MCUIKit-Release */,
			);
		};
/* End PBXProject section */

/* Begin PBXShellScriptBuildPhase section */
		1EE6D6171992C11200E1C137 /* ShellScript */ = {
			isa = PBXShellScriptBuildPhase;
			buildActionMask = 2147483647;
			files = (
			);
			inputPaths = (
			);
			outputPaths = (
			);
			runOnlyForDeploymentPostprocessing = 0;
			shellPath = /bin/bash;
			shellScript = "cd ${SRCROOT}\nenv -i make clean\nenv -i make";
		};
/* End PBXShellScriptBuildPhase section */

/* Begin PBXSourcesBuildPhase section */
		1E144C181988075700B4A69B /* Sources */ = {
			isa = PBXSourcesBuildPhase;
			buildActionMask = 2147483647;
			files = (
				1E6B9C8619932E6E003536BB /* MCUIKeyboardViewController.m in Sources */,
				1E6B9C8D19932E6E003536BB /* MCUISegment.m in Sources */,
				1E6B9C9919932E6E003536BB /* NSBundle+MCUI.m in Sources */,
				1E6B9C9D19932E6E003536BB /* UIImage+MCUI.m in Sources */,
				1E6B9C8219932E6E003536BB /* MCUIButton.m in Sources */,
				1E6B9C9719932E6E003536BB /* MCUITextField.m in Sources */,
				1E6B9C8919932E6E003536BB /* MCUILabel.m in Sources */,
				1E6B9C8419932E6E003536BB /* MCUIItemView.m in Sources */,
				1E6B9C8B19932E6E003536BB /* MCUIPanorama.m in Sources */,
				1E6B9C9119932E6E003536BB /* MCUISlider.m in Sources */,
				1E6B9C9319932E6E003536BB /* MCUISliderThumbView.m in Sources */,
				1E6B9C8F19932E6E003536BB /* MCUISegmentedControl.m in Sources */,
				1E6B9C9B19932E6E003536BB /* NSObject+MCUIKit.m in Sources */,
				1E6B9C7E19932E6E003536BB /* ItemList.m in Sources */,
				1E1A0F891994403A00C1F763 /* MCUIBlockView.m in Sources */,
				1E6B9C9519932E6E003536BB /* MCUISwitch.m in Sources */,
			);
			runOnlyForDeploymentPostprocessing = 0;
		};
/* End PBXSourcesBuildPhase section */

/* Begin XCBuildConfiguration section */
		1E144C1E1988075700B4A69B /* Debug */ = {
			isa = XCBuildConfiguration;
			buildSettings = {
				ALWAYS_SEARCH_USER_PATHS = NO;
				CLANG_CXX_LANGUAGE_STANDARD = "gnu++0x";
				CLANG_CXX_LIBRARY = "libc++";
				CLANG_ENABLE_MODULES = YES;
				CLANG_ENABLE_OBJC_ARC = YES;
				CLANG_WARN_BOOL_CONVERSION = YES;
				CLANG_WARN_CONSTANT_CONVERSION = YES;
				CLANG_WARN_DIRECT_OBJC_ISA_USAGE = YES_ERROR;
				CLANG_WARN_EMPTY_BODY = YES;
				CLANG_WARN_ENUM_CONVERSION = YES;
				CLANG_WARN_INT_CONVERSION = YES;
				CLANG_WARN_OBJC_ROOT_CLASS = YES_ERROR;
				CLANG_WARN__DUPLICATE_METHOD_MATCH = YES;
				COPY_PHASE_STRIP = NO;
				GCC_C_LANGUAGE_STANDARD = gnu99;
				GCC_DYNAMIC_NO_PIC = NO;
				GCC_OPTIMIZATION_LEVEL = 0;
				GCC_PREPROCESSOR_DEFINITIONS = (
					"DEBUG=1",
					"$(inherited)",
				);
				GCC_SYMBOLS_PRIVATE_EXTERN = NO;
				GCC_WARN_64_TO_32_BIT_CONVERSION = YES;
				GCC_WARN_ABOUT_RETURN_TYPE = YES_ERROR;
				GCC_WARN_UNDECLARED_SELECTOR = YES;
				GCC_WARN_UNINITIALIZED_AUTOS = YES_AGGRESSIVE;
				GCC_WARN_UNUSED_FUNCTION = YES;
				GCC_WARN_UNUSED_VARIABLE = YES;
				IPHONEOS_DEPLOYMENT_TARGET = 7.1;
				ONLY_ACTIVE_ARCH = YES;
				SDKROOT = iphoneos;
			};
			name = Debug;
		};
		1E144C1F1988075700B4A69B /* Release */ = {
			isa = XCBuildConfiguration;
			buildSettings = {
				ALWAYS_SEARCH_USER_PATHS = NO;
				CLANG_CXX_LANGUAGE_STANDARD = "gnu++0x";
				CLANG_CXX_LIBRARY = "libc++";
				CLANG_ENABLE_MODULES = YES;
				CLANG_ENABLE_OBJC_ARC = YES;
				CLANG_WARN_BOOL_CONVERSION = YES;
				CLANG_WARN_CONSTANT_CONVERSION = YES;
				CLANG_WARN_DIRECT_OBJC_ISA_USAGE = YES_ERROR;
				CLANG_WARN_EMPTY_BODY = YES;
				CLANG_WARN_ENUM_CONVERSION = YES;
				CLANG_WARN_INT_CONVERSION = YES;
				CLANG_WARN_OBJC_ROOT_CLASS = YES_ERROR;
				CLANG_WARN__DUPLICATE_METHOD_MATCH = YES;
				COPY_PHASE_STRIP = YES;
				ENABLE_NS_ASSERTIONS = NO;
				GCC_C_LANGUAGE_STANDARD = gnu99;
				GCC_WARN_64_TO_32_BIT_CONVERSION = YES;
				GCC_WARN_ABOUT_RETURN_TYPE = YES_ERROR;
				GCC_WARN_UNDECLARED_SELECTOR = YES;
				GCC_WARN_UNINITIALIZED_AUTOS = YES_AGGRESSIVE;
				GCC_WARN_UNUSED_FUNCTION = YES;
				GCC_WARN_UNUSED_VARIABLE = YES;
				IPHONEOS_DEPLOYMENT_TARGET = 7.1;
				SDKROOT = iphoneos;
				VALIDATE_PRODUCT = YES;
			};
			name = Release;
		};
		1E144C211988075700B4A69B /* Debug */ = {
			isa = XCBuildConfiguration;
			buildSettings = {
				CLANG_ENABLE_OBJC_ARC = NO;
				CODE_SIGN_IDENTITY = "Silas Schwarz";
				EXECUTABLE_PREFIX = "";
				FRAMEWORK_SEARCH_PATHS = (
					"${inherited}",
					"$(SDKROOT)$(SYSTEM_LIBRARY_DIR)/PrivateFrameworks",
				);
				GCC_PREFIX_HEADER = "";
				GCC_PREPROCESSOR_DEFINITIONS = (
					"DEBUG=1",
					"$(inherited)",
					"SRCROOT=@\\\"${SRCROOT}\\\"",
				);
				HEADER_SEARCH_PATHS = "${inherited}";
				IPHONEOS_DEPLOYMENT_TARGET = 5.1;
				LIBRARY_SEARCH_PATHS = "${inherited}";
				PRODUCT_NAME = "$(TARGET_NAME)";
			};
			name = Debug;
		};
		1E144C221988075700B4A69B /* Release */ = {
			isa = XCBuildConfiguration;
			buildSettings = {
				CLANG_ENABLE_OBJC_ARC = NO;
				CODE_SIGN_IDENTITY = "Silas Schwarz";
				EXECUTABLE_PREFIX = "";
				FRAMEWORK_SEARCH_PATHS = (
					"${inherited}",
					"$(SDKROOT)$(SYSTEM_LIBRARY_DIR)/PrivateFrameworks",
				);
				GCC_PREFIX_HEADER = "";
				HEADER_SEARCH_PATHS = "${inherited}";
				IPHONEOS_DEPLOYMENT_TARGET = 5.1;
				LIBRARY_SEARCH_PATHS = "${inherited}";
				PRODUCT_NAME = "$(TARGET_NAME)";
			};
			name = Release;
		};
		1EE6D6151992C10D00E1C137 /* Debug */ = {
			isa = XCBuildConfiguration;
			buildSettings = {
				PRODUCT_NAME = "$(TARGET_NAME)";
			};
			name = Debug;
		};
		1EE6D6161992C10D00E1C137 /* Release */ = {
			isa = XCBuildConfiguration;
			buildSettings = {
				PRODUCT_NAME = "$(TARGET_NAME)";
			};
			name = Release;
		};
/* End XCBuildConfiguration section */

/* Begin XCConfigurationList section */
		1E144C171988075700B4A69B /* Build configuration list for PBXProject "MCUIKit" */ = {
			isa = XCConfigurationList;
			buildConfigurations = (
				1E144C1E1988075700B4A69B /* Debug */,
				1E144C1F1988075700B4A69B /* Release */,
			);
			defaultConfigurationIsVisible = 0;
			defaultConfigurationName = Release;
		};
		1E144C201988075700B4A69B /* Build configuration list for PBXNativeTarget "MCUIKit" */ = {
			isa = XCConfigurationList;
			buildConfigurations = (
				1E144C211988075700B4A69B /* Debug */,
				1E144C221988075700B4A69B /* Release */,
			);
			defaultConfigurationIsVisible = 0;
			defaultConfigurationName = Release;
		};
		1EE6D6141992C10D00E1C137 /* Build configuration list for PBXAggregateTarget "MCUIKit-Release" */ = {
			isa = XCConfigurationList;
			buildConfigurations = (
				1EE6D6151992C10D00E1C137 /* Debug */,
				1EE6D6161992C10D00E1C137 /* Release */,
			);
			defaultConfigurationIsVisible = 0;
			defaultConfigurationName = Release;
		};
/* End XCConfigurationList section */
	};
	rootObject = 1E144C141988075700B4A69B /* Project object */;
}
